
Microsoft Visual Studio Solution File, Format Version 12.00
# Visual Studio Version 17
VisualStudioVersion = 17.6.33829.357
MinimumVisualStudioVersion = 10.0.40219.1
Project("{2150E333-8FDC-42A3-9474-1A3956D46DE8}") = "Domain", "Domain", "{02A75787-CA70-4065-9132-FB4F3237EE9D}"
EndProject
Project("{2150E333-8FDC-42A3-9474-1A3956D46DE8}") = "Infractructure.Bus", "Infractructure.Bus", "{6F942DD3-35B9-4D8F-94F2-F35DF7389BDC}"
EndProject
Project("{2150E333-8FDC-42A3-9474-1A3956D46DE8}") = "Inrastrucrure.IoC", "Inrastrucrure.IoC", "{7A96F8AE-55B6-413F-AC76-4AEB63EDB50C}"
EndProject
Project("{2150E333-8FDC-42A3-9474-1A3956D46DE8}") = "Microservices", "Microservices", "{98E65C3D-9001-46D8-BCEF-88DA6DA50DCE}"
EndProject
Project("{2150E333-8FDC-42A3-9474-1A3956D46DE8}") = "Presentation", "Presentation", "{80702697-C28E-4D50-9D22-67BE518B8854}"
EndProject
Project("{9A19103F-16F7-4668-BE54-9A1E7A4F7556}") = "MicroRabbit.Domain.Core", "MicroRabbit.Domain.Core\MicroRabbit.Domain.Core.csproj", "{663BD938-F0B0-4D9A-9286-55B5D50CAFAB}"
EndProject
Project("{9A19103F-16F7-4668-BE54-9A1E7A4F7556}") = "MicroRabbit.Infrastructure.Bus", "MicroRabbit.Infrastructure.Bus\MicroRabbit.Infrastructure.Bus.csproj", "{821E73E4-DFFF-45A6-86DF-F58265DBA4BC}"
EndProject
Project("{9A19103F-16F7-4668-BE54-9A1E7A4F7556}") = "MicroRabbit.Infrastructure.IoC", "MicroRabbit.Infrastructure.IoC\MicroRabbit.Infrastructure.IoC.csproj", "{0CCEEF8B-6333-49FE-9D12-1BC4393EE34F}"
EndProject
Project("{2150E333-8FDC-42A3-9474-1A3956D46DE8}") = "Banking", "Banking", "{E9083178-6F7B-4F2A-93BD-FF086ACB6B5E}"
EndProject
Project("{2150E333-8FDC-42A3-9474-1A3956D46DE8}") = "Api", "Api", "{3016AC5A-B035-42BF-BD95-30954F34C578}"
EndProject
Project("{2150E333-8FDC-42A3-9474-1A3956D46DE8}") = "Domain", "Domain", "{BA84EF4F-D6B2-4514-8056-24D223345241}"
EndProject
Project("{2150E333-8FDC-42A3-9474-1A3956D46DE8}") = "Application", "Application", "{31E887CF-082D-44EE-BFFF-872B469878F6}"
EndProject
Project("{2150E333-8FDC-42A3-9474-1A3956D46DE8}") = "Data", "Data", "{60474BAD-4ABD-4742-A6AB-4C45D11B0FC9}"
EndProject
Project("{9A19103F-16F7-4668-BE54-9A1E7A4F7556}") = "MicroRabbit.Banking.Application", "MicroRabbit.Banking.Application\MicroRabbit.Banking.Application.csproj", "{936E6A7C-7E9A-4B6A-86D2-092A81A5B8BC}"
EndProject
Project("{9A19103F-16F7-4668-BE54-9A1E7A4F7556}") = "MicroRabbit.Banking.Data", "MicroRabbit.Banking.Data\MicroRabbit.Banking.Data.csproj", "{D6E18755-0AD4-4EBA-A3EC-D7B044145C86}"
EndProject
Project("{9A19103F-16F7-4668-BE54-9A1E7A4F7556}") = "MicroRabbit.Banking.Domain", "MicroRabbit.Banking.Domain\MicroRabbit.Banking.Domain.csproj", "{FA973EF2-CEA4-4EBD-B875-91D3B9DD4D69}"
EndProject
Project("{FAE04EC0-301F-11D3-BF4B-00C04F79EFBC}") = "MicroRabbit.Banking.WebApi", "MicroRabbit.Banking.WebApi\MicroRabbit.Banking.WebApi.csproj", "{C15D58B1-C3D0-4344-AAAC-C05ECEA55900}"
EndProject
Project("{2150E333-8FDC-42A3-9474-1A3956D46DE8}") = "Transfer", "Transfer", "{2923FC1C-862C-41B3-A56D-E7F863645CD7}"
EndProject
Project("{2150E333-8FDC-42A3-9474-1A3956D46DE8}") = "Api", "Api", "{9772D6D1-9423-443D-83CC-5CCD704C88D8}"
EndProject
Project("{2150E333-8FDC-42A3-9474-1A3956D46DE8}") = "Application", "Application", "{99A9C6A3-D49E-4932-8CAF-474AF6C5DA6C}"
EndProject
Project("{2150E333-8FDC-42A3-9474-1A3956D46DE8}") = "Data", "Data", "{EBFCE975-5006-4E14-99DC-CFE695D13126}"
EndProject
Project("{2150E333-8FDC-42A3-9474-1A3956D46DE8}") = "Domain", "Domain", "{688AA470-4CD9-44EA-BB6D-E183B23948F2}"
EndProject
Project("{FAE04EC0-301F-11D3-BF4B-00C04F79EFBC}") = "MicroRabbit.Transfer.WebApi", "MicroRabbit.Transfer.WebApi\MicroRabbit.Transfer.WebApi.csproj", "{0FA60B54-D2C1-4EC2-8F2E-33833CB75250}"
EndProject
Project("{FAE04EC0-301F-11D3-BF4B-00C04F79EFBC}") = "MicroRabbit.Transfer.Application", "MicroRabbit.Transfer.Application\MicroRabbit.Transfer.Application.csproj", "{CBF7246B-A8BE-4C1E-A890-E1C8A21DD7C0}"
EndProject
Project("{FAE04EC0-301F-11D3-BF4B-00C04F79EFBC}") = "MicroRabbit.Transfer.Data", "MicroRabbit.Transfer.Data\MicroRabbit.Transfer.Data.csproj", "{F42F41A6-5DF2-40AD-B0C9-4600F97BE8A1}"
EndProject
Project("{FAE04EC0-301F-11D3-BF4B-00C04F79EFBC}") = "MicroRabbit.Transfer.Domain", "MicroRabbit.Transfer.Domain\MicroRabbit.Transfer.Domain.csproj", "{D0076E85-BEE6-4AEF-BC7F-3A06C6FD1037}"
EndProject
Global
	GlobalSection(SolutionConfigurationPlatforms) = preSolution
		Debug|Any CPU = Debug|Any CPU
		Release|Any CPU = Release|Any CPU
	EndGlobalSection
	GlobalSection(ProjectConfigurationPlatforms) = postSolution
		{663BD938-F0B0-4D9A-9286-55B5D50CAFAB}.Debug|Any CPU.ActiveCfg = Debug|Any CPU
		{663BD938-F0B0-4D9A-9286-55B5D50CAFAB}.Debug|Any CPU.Build.0 = Debug|Any CPU
		{663BD938-F0B0-4D9A-9286-55B5D50CAFAB}.Release|Any CPU.ActiveCfg = Release|Any CPU
		{663BD938-F0B0-4D9A-9286-55B5D50CAFAB}.Release|Any CPU.Build.0 = Release|Any CPU
		{821E73E4-DFFF-45A6-86DF-F58265DBA4BC}.Debug|Any CPU.ActiveCfg = Debug|Any CPU
		{821E73E4-DFFF-45A6-86DF-F58265DBA4BC}.Debug|Any CPU.Build.0 = Debug|Any CPU
		{821E73E4-DFFF-45A6-86DF-F58265DBA4BC}.Release|Any CPU.ActiveCfg = Release|Any CPU
		{821E73E4-DFFF-45A6-86DF-F58265DBA4BC}.Release|Any CPU.Build.0 = Release|Any CPU
		{0CCEEF8B-6333-49FE-9D12-1BC4393EE34F}.Debug|Any CPU.ActiveCfg = Debug|Any CPU
		{0CCEEF8B-6333-49FE-9D12-1BC4393EE34F}.Debug|Any CPU.Build.0 = Debug|Any CPU
		{0CCEEF8B-6333-49FE-9D12-1BC4393EE34F}.Release|Any CPU.ActiveCfg = Release|Any CPU
		{0CCEEF8B-6333-49FE-9D12-1BC4393EE34F}.Release|Any CPU.Build.0 = Release|Any CPU
		{936E6A7C-7E9A-4B6A-86D2-092A81A5B8BC}.Debug|Any CPU.ActiveCfg = Debug|Any CPU
		{936E6A7C-7E9A-4B6A-86D2-092A81A5B8BC}.Debug|Any CPU.Build.0 = Debug|Any CPU
		{936E6A7C-7E9A-4B6A-86D2-092A81A5B8BC}.Release|Any CPU.ActiveCfg = Release|Any CPU
		{936E6A7C-7E9A-4B6A-86D2-092A81A5B8BC}.Release|Any CPU.Build.0 = Release|Any CPU
		{D6E18755-0AD4-4EBA-A3EC-D7B044145C86}.Debug|Any CPU.ActiveCfg = Debug|Any CPU
		{D6E18755-0AD4-4EBA-A3EC-D7B044145C86}.Debug|Any CPU.Build.0 = Debug|Any CPU
		{D6E18755-0AD4-4EBA-A3EC-D7B044145C86}.Release|Any CPU.ActiveCfg = Release|Any CPU
		{D6E18755-0AD4-4EBA-A3EC-D7B044145C86}.Release|Any CPU.Build.0 = Release|Any CPU
		{FA973EF2-CEA4-4EBD-B875-91D3B9DD4D69}.Debug|Any CPU.ActiveCfg = Debug|Any CPU
		{FA973EF2-CEA4-4EBD-B875-91D3B9DD4D69}.Debug|Any CPU.Build.0 = Debug|Any CPU
		{FA973EF2-CEA4-4EBD-B875-91D3B9DD4D69}.Release|Any CPU.ActiveCfg = Release|Any CPU
		{FA973EF2-CEA4-4EBD-B875-91D3B9DD4D69}.Release|Any CPU.Build.0 = Release|Any CPU
		{C15D58B1-C3D0-4344-AAAC-C05ECEA55900}.Debug|Any CPU.ActiveCfg = Debug|Any CPU
		{C15D58B1-C3D0-4344-AAAC-C05ECEA55900}.Debug|Any CPU.Build.0 = Debug|Any CPU
		{C15D58B1-C3D0-4344-AAAC-C05ECEA55900}.Release|Any CPU.ActiveCfg = Release|Any CPU
		{C15D58B1-C3D0-4344-AAAC-C05ECEA55900}.Release|Any CPU.Build.0 = Release|Any CPU
		{0FA60B54-D2C1-4EC2-8F2E-33833CB75250}.Debug|Any CPU.ActiveCfg = Debug|Any CPU
		{0FA60B54-D2C1-4EC2-8F2E-33833CB75250}.Debug|Any CPU.Build.0 = Debug|Any CPU
		{0FA60B54-D2C1-4EC2-8F2E-33833CB75250}.Release|Any CPU.ActiveCfg = Release|Any CPU
		{0FA60B54-D2C1-4EC2-8F2E-33833CB75250}.Release|Any CPU.Build.0 = Release|Any CPU
		{CBF7246B-A8BE-4C1E-A890-E1C8A21DD7C0}.Debug|Any CPU.ActiveCfg = Debug|Any CPU
		{CBF7246B-A8BE-4C1E-A890-E1C8A21DD7C0}.Debug|Any CPU.Build.0 = Debug|Any CPU
		{CBF7246B-A8BE-4C1E-A890-E1C8A21DD7C0}.Release|Any CPU.ActiveCfg = Release|Any CPU
		{CBF7246B-A8BE-4C1E-A890-E1C8A21DD7C0}.Release|Any CPU.Build.0 = Release|Any CPU
		{F42F41A6-5DF2-40AD-B0C9-4600F97BE8A1}.Debug|Any CPU.ActiveCfg = Debug|Any CPU
		{F42F41A6-5DF2-40AD-B0C9-4600F97BE8A1}.Debug|Any CPU.Build.0 = Debug|Any CPU
		{F42F41A6-5DF2-40AD-B0C9-4600F97BE8A1}.Release|Any CPU.ActiveCfg = Release|Any CPU
		{F42F41A6-5DF2-40AD-B0C9-4600F97BE8A1}.Release|Any CPU.Build.0 = Release|Any CPU
		{D0076E85-BEE6-4AEF-BC7F-3A06C6FD1037}.Debug|Any CPU.ActiveCfg = Debug|Any CPU
		{D0076E85-BEE6-4AEF-BC7F-3A06C6FD1037}.Debug|Any CPU.Build.0 = Debug|Any CPU
		{D0076E85-BEE6-4AEF-BC7F-3A06C6FD1037}.Release|Any CPU.ActiveCfg = Release|Any CPU
		{D0076E85-BEE6-4AEF-BC7F-3A06C6FD1037}.Release|Any CPU.Build.0 = Release|Any CPU
	EndGlobalSection
	GlobalSection(SolutionProperties) = preSolution
		HideSolutionNode = FALSE
	EndGlobalSection
	GlobalSection(NestedProjects) = preSolution
		{663BD938-F0B0-4D9A-9286-55B5D50CAFAB} = {02A75787-CA70-4065-9132-FB4F3237EE9D}
		{821E73E4-DFFF-45A6-86DF-F58265DBA4BC} = {6F942DD3-35B9-4D8F-94F2-F35DF7389BDC}
		{0CCEEF8B-6333-49FE-9D12-1BC4393EE34F} = {7A96F8AE-55B6-413F-AC76-4AEB63EDB50C}
		{E9083178-6F7B-4F2A-93BD-FF086ACB6B5E} = {98E65C3D-9001-46D8-BCEF-88DA6DA50DCE}
		{3016AC5A-B035-42BF-BD95-30954F34C578} = {E9083178-6F7B-4F2A-93BD-FF086ACB6B5E}
		{BA84EF4F-D6B2-4514-8056-24D223345241} = {E9083178-6F7B-4F2A-93BD-FF086ACB6B5E}
		{31E887CF-082D-44EE-BFFF-872B469878F6} = {E9083178-6F7B-4F2A-93BD-FF086ACB6B5E}
		{60474BAD-4ABD-4742-A6AB-4C45D11B0FC9} = {E9083178-6F7B-4F2A-93BD-FF086ACB6B5E}
		{936E6A7C-7E9A-4B6A-86D2-092A81A5B8BC} = {31E887CF-082D-44EE-BFFF-872B469878F6}
		{D6E18755-0AD4-4EBA-A3EC-D7B044145C86} = {60474BAD-4ABD-4742-A6AB-4C45D11B0FC9}
		{FA973EF2-CEA4-4EBD-B875-91D3B9DD4D69} = {BA84EF4F-D6B2-4514-8056-24D223345241}
		{C15D58B1-C3D0-4344-AAAC-C05ECEA55900} = {3016AC5A-B035-42BF-BD95-30954F34C578}
		{2923FC1C-862C-41B3-A56D-E7F863645CD7} = {98E65C3D-9001-46D8-BCEF-88DA6DA50DCE}
		{9772D6D1-9423-443D-83CC-5CCD704C88D8} = {2923FC1C-862C-41B3-A56D-E7F863645CD7}
		{99A9C6A3-D49E-4932-8CAF-474AF6C5DA6C} = {2923FC1C-862C-41B3-A56D-E7F863645CD7}
		{EBFCE975-5006-4E14-99DC-CFE695D13126} = {2923FC1C-862C-41B3-A56D-E7F863645CD7}
		{688AA470-4CD9-44EA-BB6D-E183B23948F2} = {2923FC1C-862C-41B3-A56D-E7F863645CD7}
		{0FA60B54-D2C1-4EC2-8F2E-33833CB75250} = {9772D6D1-9423-443D-83CC-5CCD704C88D8}
		{CBF7246B-A8BE-4C1E-A890-E1C8A21DD7C0} = {99A9C6A3-D49E-4932-8CAF-474AF6C5DA6C}
		{F42F41A6-5DF2-40AD-B0C9-4600F97BE8A1} = {EBFCE975-5006-4E14-99DC-CFE695D13126}
		{D0076E85-BEE6-4AEF-BC7F-3A06C6FD1037} = {688AA470-4CD9-44EA-BB6D-E183B23948F2}
	EndGlobalSection
	GlobalSection(ExtensibilityGlobals) = postSolution
		SolutionGuid = {33B0DE8F-69CB-494A-9CE3-B22E484F0A6C}
	EndGlobalSection
EndGlobal
