
Microsoft Visual Studio Solution File, Format Version 12.00
# Visual Studio Version 17
VisualStudioVersion = 17.6.33829.357
MinimumVisualStudioVersion = 10.0.40219.1
Project("{2150E333-8FDC-42A3-9474-1A3956D46DE8}") = "Domain", "Domain", "{02A75787-CA70-4065-9132-FB4F3237EE9D}"
EndProject
Project("{2150E333-8FDC-42A3-9474-1A3956D46DE8}") = "Infractructure.Bus", "Infractructure.Bus", "{6F942DD3-35B9-4D8F-94F2-F35DF7389BDC}"
EndProject
Project("{2150E333-8FDC-42A3-9474-1A3956D46DE8}") = "Inrastrucrure.IoC", "Inrastrucrure.IoC", "{7A96F8AE-55B6-413F-AC76-4AEB63EDB50C}"
EndProject
Project("{2150E333-8FDC-42A3-9474-1A3956D46DE8}") = "Microservices", "Microservices", "{98E65C3D-9001-46D8-BCEF-88DA6DA50DCE}"
EndProject
Project("{2150E333-8FDC-42A3-9474-1A3956D46DE8}") = "Presentation", "Presentation", "{80702697-C28E-4D50-9D22-67BE518B8854}"
EndProject
Project("{FAE04EC0-301F-11D3-BF4B-00C04F79EFBC}") = "MicroRabbit.Domain.Core", "MicroRabbit.Domain.Core\MicroRabbit.Domain.Core.csproj", "{663BD938-F0B0-4D9A-9286-55B5D50CAFAB}"
EndProject
Global
	GlobalSection(SolutionConfigurationPlatforms) = preSolution
		Debug|Any CPU = Debug|Any CPU
		Release|Any CPU = Release|Any CPU
	EndGlobalSection
	GlobalSection(ProjectConfigurationPlatforms) = postSolution
		{663BD938-F0B0-4D9A-9286-55B5D50CAFAB}.Debug|Any CPU.ActiveCfg = Debug|Any CPU
		{663BD938-F0B0-4D9A-9286-55B5D50CAFAB}.Debug|Any CPU.Build.0 = Debug|Any CPU
		{663BD938-F0B0-4D9A-9286-55B5D50CAFAB}.Release|Any CPU.ActiveCfg = Release|Any CPU
		{663BD938-F0B0-4D9A-9286-55B5D50CAFAB}.Release|Any CPU.Build.0 = Release|Any CPU
	EndGlobalSection
	GlobalSection(SolutionProperties) = preSolution
		HideSolutionNode = FALSE
	EndGlobalSection
	GlobalSection(NestedProjects) = preSolution
		{663BD938-F0B0-4D9A-9286-55B5D50CAFAB} = {02A75787-CA70-4065-9132-FB4F3237EE9D}
	EndGlobalSection
	GlobalSection(ExtensibilityGlobals) = postSolution
		SolutionGuid = {33B0DE8F-69CB-494A-9CE3-B22E484F0A6C}
	EndGlobalSection
EndGlobal
